# -------------------------------------------------------------------------- #
#
# Copyright (C) 2022  Intel Corporation. All rights reserved.
# Your use of Intel Corporation's design tools, logic functions 
# and other software and tools, and any partner logic 
# functions, and any output files from any of the foregoing 
# (including device programming or simulation files), and any 
# associated documentation or information are expressly subject 
# to the terms and conditions of the Intel Program License 
# Subscription Agreement, the Intel Quartus Prime License Agreement,
# the Intel FPGA IP License Agreement, or other applicable license
# agreement, including, without limitation, that your use is for
# the sole purpose of programming logic devices manufactured by
# Intel and sold by Intel or its authorized distributors.  Please
# refer to the applicable agreement for further details, at
# https://fpgasoftware.intel.com/eula.
#
# -------------------------------------------------------------------------- #
#
# Quartus Prime
# Version 21.1.1 Build 850 06/23/2022 SJ Lite Edition
# Date created = 13:45:39  September 21, 2025
#
# -------------------------------------------------------------------------- #
#
# Notes:
#
# 1) The default values for assignments are stored in the file:
#		Tetris_0_assignment_defaults.qdf
#    If this file doesn't exist, see file:
#		assignment_defaults.qdf
#
# 2) Intel recommends that you do not modify this file. This
#    file is updated automatically by the Quartus Prime software
#    and any changes you make may be lost or overwritten.
#
# -------------------------------------------------------------------------- #


set_global_assignment -name FAMILY "Cyclone IV E"
set_global_assignment -name DEVICE EP4CE115F29C7
set_global_assignment -name TOP_LEVEL_ENTITY Tetris_0
set_global_assignment -name ORIGINAL_QUARTUS_VERSION 21.1.1
set_global_assignment -name PROJECT_CREATION_TIME_DATE "13:45:39  SEPTEMBER 21, 2025"
set_global_assignment -name LAST_QUARTUS_VERSION "21.1.1 Lite Edition"
set_global_assignment -name PROJECT_OUTPUT_DIRECTORY output_files
set_global_assignment -name MIN_CORE_JUNCTION_TEMP 0
set_global_assignment -name MAX_CORE_JUNCTION_TEMP 85
set_global_assignment -name ERROR_CHECK_FREQUENCY_DIVISOR 1
set_global_assignment -name NOMINAL_CORE_SUPPLY_VOLTAGE 1.2V
set_global_assignment -name POWER_PRESET_COOLING_SOLUTION "23 MM HEAT SINK WITH 200 LFPM AIRFLOW"
set_global_assignment -name POWER_BOARD_THERMAL_MODEL "NONE (CONSERVATIVE)"
set_location_assignment PIN_G18 -to byte_l_digit_l[0]
set_location_assignment PIN_F22 -to byte_l_digit_l[1]
set_location_assignment PIN_E17 -to byte_l_digit_l[2]
set_location_assignment PIN_L26 -to byte_l_digit_l[3]
set_location_assignment PIN_L25 -to byte_l_digit_l[4]
set_location_assignment PIN_J22 -to byte_l_digit_l[5]
set_location_assignment PIN_H22 -to byte_l_digit_l[6]
set_location_assignment PIN_M24 -to byte_l_digit_h[0]
set_location_assignment PIN_Y22 -to byte_l_digit_h[1]
set_location_assignment PIN_W21 -to byte_l_digit_h[2]
set_location_assignment PIN_W22 -to byte_l_digit_h[3]
set_location_assignment PIN_W25 -to byte_l_digit_h[4]
set_location_assignment PIN_U23 -to byte_l_digit_h[5]
set_location_assignment PIN_U24 -to byte_l_digit_h[6]
set_location_assignment PIN_AA25 -to byte_h_digit_l[0]
set_location_assignment PIN_AA26 -to byte_h_digit_l[1]
set_location_assignment PIN_Y25 -to byte_h_digit_l[2]
set_location_assignment PIN_W26 -to byte_h_digit_l[3]
set_location_assignment PIN_Y26 -to byte_h_digit_l[4]
set_location_assignment PIN_W27 -to byte_h_digit_l[5]
set_location_assignment PIN_W28 -to byte_h_digit_l[6]
set_location_assignment PIN_V21 -to byte_h_digit_h[0]
set_location_assignment PIN_U21 -to byte_h_digit_h[1]
set_location_assignment PIN_AB20 -to byte_h_digit_h[2]
set_location_assignment PIN_AA21 -to byte_h_digit_h[3]
set_location_assignment PIN_AF23 -to byte_h_digit_h[5]
set_location_assignment PIN_AD24 -to byte_h_digit_h[4]
set_location_assignment PIN_Y19 -to byte_h_digit_h[6]
set_global_assignment -name EDA_SIMULATION_TOOL "Questa Intel FPGA (Verilog)"
set_global_assignment -name EDA_TIME_SCALE "1 ps" -section_id eda_simulation
set_global_assignment -name EDA_OUTPUT_DATA_FORMAT "VERILOG HDL" -section_id eda_simulation
set_global_assignment -name EDA_TEST_BENCH_ENABLE_STATUS TEST_BENCH_MODE -section_id eda_simulation
set_global_assignment -name EDA_NATIVELINK_SIMULATION_TEST_BENCH tb -section_id eda_simulation
set_global_assignment -name EDA_TEST_BENCH_NAME tb -section_id eda_simulation
set_global_assignment -name EDA_DESIGN_INSTANCE_NAME NA -section_id tb
set_global_assignment -name EDA_TEST_BENCH_MODULE_NAME tb -section_id tb
set_global_assignment -name EDA_TEST_BENCH_NAME tb_0 -section_id eda_simulation
set_global_assignment -name EDA_DESIGN_INSTANCE_NAME NA -section_id tb_0
set_global_assignment -name EDA_TEST_BENCH_MODULE_NAME tb_0 -section_id tb_0
set_global_assignment -name EDA_TEST_BENCH_NAME tb_1 -section_id eda_simulation
set_global_assignment -name EDA_DESIGN_INSTANCE_NAME NA -section_id tb_1
set_global_assignment -name EDA_TEST_BENCH_MODULE_NAME tb_1 -section_id tb_1
set_global_assignment -name PARTITION_NETLIST_TYPE SOURCE -section_id Top
set_global_assignment -name PARTITION_FITTER_PRESERVATION_LEVEL PLACEMENT_AND_ROUTING -section_id Top
set_global_assignment -name PARTITION_COLOR 16764057 -section_id Top
set_global_assignment -name EDA_TEST_BENCH_FILE 01_tb/tb.sv -section_id tb
set_global_assignment -name EDA_TEST_BENCH_FILE 01_tb/tb_0.sv -section_id tb_0
set_global_assignment -name EDA_TEST_BENCH_FILE 01_tb/tb_1.sv -section_id tb_1
set_location_assignment PIN_R24 -to KEY3
set_location_assignment PIN_Y2 -to CLOCK_50
set_location_assignment PIN_G6 -to PS2_CLK
set_location_assignment PIN_H5 -to PS2_DAT
set_location_assignment PIN_E11 -to VGA_R[1]
set_location_assignment PIN_E12 -to VGA_R[0]
set_location_assignment PIN_D10 -to VGA_R[2]
set_location_assignment PIN_F12 -to VGA_R[3]
set_location_assignment PIN_G10 -to VGA_R[4]
set_location_assignment PIN_J12 -to VGA_R[5]
set_location_assignment PIN_H8 -to VGA_R[6]
set_location_assignment PIN_H10 -to VGA_R[7]
set_location_assignment PIN_G8 -to VGA_G[0]
set_location_assignment PIN_G11 -to VGA_G[1]
set_location_assignment PIN_F8 -to VGA_G[2]
set_location_assignment PIN_H12 -to VGA_G[3]
set_location_assignment PIN_C8 -to VGA_G[4]
set_location_assignment PIN_B8 -to VGA_G[5]
set_location_assignment PIN_F10 -to VGA_G[6]
set_location_assignment PIN_C9 -to VGA_G[7]
set_location_assignment PIN_B10 -to VGA_B[0]
set_location_assignment PIN_A10 -to VGA_B[1]
set_location_assignment PIN_C11 -to VGA_B[2]
set_location_assignment PIN_B11 -to VGA_B[3]
set_location_assignment PIN_A11 -to VGA_B[4]
set_location_assignment PIN_C12 -to VGA_B[5]
set_location_assignment PIN_D11 -to VGA_B[6]
set_location_assignment PIN_D12 -to VGA_B[7]
set_location_assignment PIN_F11 -to VGA_BLANK_N
set_location_assignment PIN_A12 -to VGA_CLK
set_location_assignment PIN_G13 -to VGA_HS
set_location_assignment PIN_C13 -to VGA_VS
set_location_assignment PIN_C10 -to VGA_SYNC_N
set_location_assignment PIN_F2 -to AUD_BCLK
set_location_assignment PIN_D1 -to AUD_DACDAT
set_location_assignment PIN_E3 -to AUD_DACLRCK
set_location_assignment PIN_E1 -to AUD_XCK
set_location_assignment PIN_B7 -to I2C_SCLK
set_location_assignment PIN_A8 -to I2C_SDAT
set_location_assignment PIN_AB28 -to SW[0]
set_location_assignment PIN_AC28 -to SW[1]
set_location_assignment PIN_AC27 -to SW[2]
set_location_assignment PIN_AD27 -to SW[3]
set_location_assignment PIN_AB27 -to SW[4]
set_location_assignment PIN_AC26 -to SW[5]
set_location_assignment PIN_AD26 -to SW[6]
set_location_assignment PIN_AB26 -to SW[7]
set_location_assignment PIN_AC25 -to SW[8]
set_location_assignment PIN_AB25 -to SW[9]
set_location_assignment PIN_AC24 -to SW[10]
set_location_assignment PIN_AB24 -to SW[11]
set_location_assignment PIN_AB23 -to SW[12]
set_location_assignment PIN_AA24 -to SW[13]
set_location_assignment PIN_AA23 -to SW[14]
set_location_assignment PIN_AA22 -to SW[15]
set_location_assignment PIN_Y24 -to SW[16]
set_location_assignment PIN_Y23 -to SW[17]
set_location_assignment PIN_N21 -to KEY2
set_global_assignment -name MIF_FILE 00_src/map/map_data.mif
set_global_assignment -name MIF_FILE 00_src/piece_decode/piece_data_red.mif
set_global_assignment -name MIF_FILE 00_src/piece_decode/piece_data_green.mif
set_global_assignment -name MIF_FILE 00_src/piece_decode/piece_data_blue.mif
set_global_assignment -name SYSTEMVERILOG_FILE 00_src/score/clear_score_logic.sv
set_global_assignment -name SYSTEMVERILOG_FILE 00_src/music/music_top.sv
set_global_assignment -name SYSTEMVERILOG_FILE 00_src/music/i2c_protocol.sv
set_global_assignment -name VERILOG_FILE 00_src/piece_decode/piece_rom_red.v
set_global_assignment -name QIP_FILE 00_src/piece_decode/piece_rom_red.qip
set_global_assignment -name VERILOG_FILE 00_src/piece_decode/piece_rom_green.v
set_global_assignment -name QIP_FILE 00_src/piece_decode/piece_rom_green.qip
set_global_assignment -name VERILOG_FILE 00_src/piece_decode/piece_rom_blue.v
set_global_assignment -name QIP_FILE 00_src/piece_decode/piece_rom_blue.qip
set_global_assignment -name SYSTEMVERILOG_FILE 00_src/piece_decode/piece_decoder.sv
set_global_assignment -name QIP_FILE 00_src/map/render_counter.qip
set_global_assignment -name VERILOG_FILE 00_src/map/map_rom.v
set_global_assignment -name QIP_FILE 00_src/map/map_rom.qip
set_global_assignment -name SYSTEMVERILOG_FILE 00_src/map/map_fsm.sv
set_global_assignment -name SYSTEMVERILOG_FILE 00_src/map/map_controller.sv
set_global_assignment -name SYSTEMVERILOG_FILE 00_src/load/load_move.sv
set_global_assignment -name SYSTEMVERILOG_FILE 00_src/load/load_data.sv
set_global_assignment -name SYSTEMVERILOG_FILE 00_src/load/cal_next_addr.sv
set_global_assignment -name SYSTEMVERILOG_FILE 00_src/grid/grid_select.sv
set_global_assignment -name QIP_FILE 00_src/grid/grid.qip
set_global_assignment -name SYSTEMVERILOG_FILE 00_src/grid/game_grid.sv
set_global_assignment -name SYSTEMVERILOG_FILE 00_src/game_logic/piece_generator.sv
set_global_assignment -name SYSTEMVERILOG_FILE 00_src/game_logic/game_fsm.sv
set_global_assignment -name VERILOG_FILE 00_src/data_counter/timer.v
set_global_assignment -name QIP_FILE 00_src/data_counter/timer.qip
set_global_assignment -name VERILOG_FILE 00_src/data_counter/lvl_counter.v
set_global_assignment -name QIP_FILE 00_src/data_counter/lvl_counter.qip
set_global_assignment -name VERILOG_FILE 00_src/data_counter/line_counter.v
set_global_assignment -name QIP_FILE 00_src/data_counter/line_counter.qip
set_global_assignment -name SYSTEMVERILOG_FILE 00_src/clear_line/clear_line.sv
set_global_assignment -name VERILOG_FILE 00_src/clear_line/clear_counter.v
set_global_assignment -name QIP_FILE 00_src/clear_line/clear_counter.qip
set_global_assignment -name SYSTEMVERILOG_FILE 00_src/Tetris_0.sv
set_global_assignment -name SYSTEMVERILOG_FILE 00_src/d_ff_with_en.sv
set_global_assignment -name SYSTEMVERILOG_FILE 00_src/vga/vga_vertical_counter.sv
set_global_assignment -name SYSTEMVERILOG_FILE 00_src/vga/vga_line_buffer.sv
set_global_assignment -name SYSTEMVERILOG_FILE 00_src/vga/vga_horizontal_counter.sv
set_global_assignment -name SYSTEMVERILOG_FILE 00_src/vga/vga_controller.sv
set_global_assignment -name VERILOG_FILE 00_src/vga/buffer_ram.v
set_global_assignment -name QIP_FILE 00_src/vga/buffer_ram.qip
set_global_assignment -name SYSTEMVERILOG_FILE 00_src/ps_control/hex.sv
set_global_assignment -name VERILOG_FILE 00_src/ps_control/counter.v
set_global_assignment -name QIP_FILE 00_src/ps_control/counter.qip
set_global_assignment -name SYSTEMVERILOG_FILE 00_src/ps_control/control_ps2.sv
set_global_assignment -name SYSTEMVERILOG_FILE 00_src/ps_control/control_input.sv
set_global_assignment -name SYSTEMVERILOG_FILE 00_src/ps_control/control_delay.sv
set_global_assignment -name SYSTEMVERILOG_FILE 00_src/ps_control/control_debounce.sv
set_global_assignment -name SYSTEMVERILOG_FILE 00_src/pointer/map_pointer_fsm.sv
set_global_assignment -name QIP_FILE 00_src/music/pll.qip
set_global_assignment -name QIP_FILE 00_src/music/tetris_melody_rom.qip
set_global_assignment -name QIP_FILE 00_src/score/drop_counter.qip
set_global_assignment -name QIP_FILE 00_src/score/clear_score_cnt.qip
set_instance_assignment -name PARTITION_HIERARCHY root_partition -to | -section_id Top